
Microsoft Visual Studio Solution File, Format Version 12.00
# Visual Studio Version 17
VisualStudioVersion = 17.13.35825.156
MinimumVisualStudioVersion = 10.0.40219.1
Project("{FAE04EC0-301F-11D3-BF4B-00C04F79EFBC}") = "DesignPatterns", "DesignPatterns.csproj", "{A2BD663A-CAB0-4055-867A-FF0ED29656B0}"
EndProject
Global
	GlobalSection(SolutionConfigurationPlatforms) = preSolution
		Debug|Any CPU = Debug|Any CPU
		Release|Any CPU = Release|Any CPU
	EndGlobalSection
	GlobalSection(ProjectConfigurationPlatforms) = postSolution
		{A2BD663A-CAB0-4055-867A-FF0ED29656B0}.Debug|Any CPU.ActiveCfg = Debug|Any CPU
		{A2BD663A-CAB0-4055-867A-FF0ED29656B0}.Debug|Any CPU.Build.0 = Debug|Any CPU
		{A2BD663A-CAB0-4055-867A-FF0ED29656B0}.Release|Any CPU.ActiveCfg = Release|Any CPU
		{A2BD663A-CAB0-4055-867A-FF0ED29656B0}.Release|Any CPU.Build.0 = Release|Any CPU
	EndGlobalSection
	GlobalSection(SolutionProperties) = preSolution
		HideSolutionNode = FALSE
	EndGlobalSection
	GlobalSection(ExtensibilityGlobals) = postSolution
		SolutionGuid = {578870F4-552B-4F35-9D35-2B2049F2DE0F}
	EndGlobalSection
EndGlobal
